// !$*UTF8*$!
{
	archiveVersion = 1;
	classes = {
	};
	objectVersion = 50;
	objects = {

/* Begin PBXBuildFile section */
		CC02850326C090180037AB73 /* installButton.swift in Sources */ = {isa = PBXBuildFile; fileRef = CC02850226C090180037AB73 /* installButton.swift */; };
		CC30965E26FD578C001962E3 /* WebView.swift in Sources */ = {isa = PBXBuildFile; fileRef = CC30965D26FD578C001962E3 /* WebView.swift */; };
		CC30966426FFE88E001962E3 /* TextFieldAlert.swift in Sources */ = {isa = PBXBuildFile; fileRef = CC30966326FFE88E001962E3 /* TextFieldAlert.swift */; };
		CC3831BB26D8772400FDBF78 /* InformationDetailView.swift in Sources */ = {isa = PBXBuildFile; fileRef = CC8E0EE826BA288C004CEDC9 /* InformationDetailView.swift */; };
		CC3831C526D87BDD00FDBF78 /* customButtonSmall.swift in Sources */ = {isa = PBXBuildFile; fileRef = CC3831C426D87BDD00FDBF78 /* customButtonSmall.swift */; };
		CC3831C626D87BDD00FDBF78 /* customButtonSmall.swift in Sources */ = {isa = PBXBuildFile; fileRef = CC3831C426D87BDD00FDBF78 /* customButtonSmall.swift */; };
		CC383D8726B1EFC400A9ED31 /* welcomeView.swift in Sources */ = {isa = PBXBuildFile; fileRef = CC383D8626B1EFC400A9ED31 /* welcomeView.swift */; };
		CC3BED0926F7E7B500E96C3E /* updateView.swift in Sources */ = {isa = PBXBuildFile; fileRef = CC3BED0826F7E7B500E96C3E /* updateView.swift */; };
		CC86A19626BC2C660024D2E1 /* SettingsView.swift in Sources */ = {isa = PBXBuildFile; fileRef = CC86A19526BC2C650024D2E1 /* SettingsView.swift */; };
		CC8E0EBB26BA25E1004CEDC9 /* AltApps_BetaApp.swift in Sources */ = {isa = PBXBuildFile; fileRef = CC8E0EBA26BA25E1004CEDC9 /* AltApps_BetaApp.swift */; };
		CC8E0EBD26BA25E1004CEDC9 /* ContentView.swift in Sources */ = {isa = PBXBuildFile; fileRef = CC8E0EBC26BA25E1004CEDC9 /* ContentView.swift */; };
		CC8E0EBF26BA25E3004CEDC9 /* Assets.xcassets in Resources */ = {isa = PBXBuildFile; fileRef = CC8E0EBE26BA25E3004CEDC9 /* Assets.xcassets */; };
		CC8E0EC226BA25E3004CEDC9 /* Preview Assets.xcassets in Resources */ = {isa = PBXBuildFile; fileRef = CC8E0EC126BA25E3004CEDC9 /* Preview Assets.xcassets */; };
		CC8E0EE126BA270D004CEDC9 /* welcomeView.swift in Sources */ = {isa = PBXBuildFile; fileRef = CC8E0EE026BA270D004CEDC9 /* welcomeView.swift */; };
		CC8E0EE926BA288D004CEDC9 /* InformationDetailView.swift in Sources */ = {isa = PBXBuildFile; fileRef = CC8E0EE826BA288C004CEDC9 /* InformationDetailView.swift */; };
		CCB912EC26AE10F800625119 /* ContentView.swift in Sources */ = {isa = PBXBuildFile; fileRef = CCB912EB26AE10F800625119 /* ContentView.swift */; };
		CCB912EE26AE10FA00625119 /* Assets.xcassets in Resources */ = {isa = PBXBuildFile; fileRef = CCB912ED26AE10FA00625119 /* Assets.xcassets */; };
		CCB912F126AE10FA00625119 /* Preview Assets.xcassets in Resources */ = {isa = PBXBuildFile; fileRef = CCB912F026AE10FA00625119 /* Preview Assets.xcassets */; };
		CCC403CF26EC4CED001B733A /* installButton.swift in Sources */ = {isa = PBXBuildFile; fileRef = CC02850226C090180037AB73 /* installButton.swift */; };
		CCEB553C26EEAF5C002EE20A /* AppDelegate.swift in Sources */ = {isa = PBXBuildFile; fileRef = CCEB553A26EEAF5C002EE20A /* AppDelegate.swift */; };
		CCEB553D26EEAF5C002EE20A /* SceneDelegate.swift in Sources */ = {isa = PBXBuildFile; fileRef = CCEB553B26EEAF5C002EE20A /* SceneDelegate.swift */; };
/* End PBXBuildFile section */

/* Begin PBXCopyFilesBuildPhase section */
		CC6400E226C1DF9A001AC9F6 /* Embed App Extensions */ = {
			isa = PBXCopyFilesBuildPhase;
			buildActionMask = 2147483647;
			dstPath = "";
			dstSubfolderSpec = 13;
			files = (
			);
			name = "Embed App Extensions";
			runOnlyForDeploymentPostprocessing = 0;
		};
/* End PBXCopyFilesBuildPhase section */

/* Begin PBXFileReference section */
		CC02850226C090180037AB73 /* installButton.swift */ = {isa = PBXFileReference; lastKnownFileType = sourcecode.swift; path = installButton.swift; sourceTree = "<group>"; };
		CC30965D26FD578C001962E3 /* WebView.swift */ = {isa = PBXFileReference; lastKnownFileType = sourcecode.swift; path = WebView.swift; sourceTree = "<group>"; };
		CC30966326FFE88E001962E3 /* TextFieldAlert.swift */ = {isa = PBXFileReference; lastKnownFileType = sourcecode.swift; path = TextFieldAlert.swift; sourceTree = "<group>"; };
		CC3831C426D87BDD00FDBF78 /* customButtonSmall.swift */ = {isa = PBXFileReference; lastKnownFileType = sourcecode.swift; path = customButtonSmall.swift; sourceTree = "<group>"; };
		CC383D8626B1EFC400A9ED31 /* welcomeView.swift */ = {isa = PBXFileReference; lastKnownFileType = sourcecode.swift; path = welcomeView.swift; sourceTree = "<group>"; };
		CC3BED0826F7E7B500E96C3E /* updateView.swift */ = {isa = PBXFileReference; lastKnownFileType = sourcecode.swift; path = updateView.swift; sourceTree = "<group>"; };
		CC55B61A26D14B18002EF30E /* AltConnect.app */ = {isa = PBXFileReference; explicitFileType = wrapper.application; includeInIndex = 0; path = AltConnect.app; sourceTree = BUILT_PRODUCTS_DIR; };
		CC6400D426C1DF14001AC9F6 /* AltApps-Beta-Info.plist */ = {isa = PBXFileReference; lastKnownFileType = text.plist; path = "AltApps-Beta-Info.plist"; sourceTree = SOURCE_ROOT; };
		CC86A19526BC2C650024D2E1 /* SettingsView.swift */ = {isa = PBXFileReference; lastKnownFileType = sourcecode.swift; path = SettingsView.swift; sourceTree = "<group>"; };
		CC8E0EB826BA25E1004CEDC9 /* AltApps Beta.app */ = {isa = PBXFileReference; explicitFileType = wrapper.application; includeInIndex = 0; path = "AltApps Beta.app"; sourceTree = BUILT_PRODUCTS_DIR; };
		CC8E0EBA26BA25E1004CEDC9 /* AltApps_BetaApp.swift */ = {isa = PBXFileReference; lastKnownFileType = sourcecode.swift; path = AltApps_BetaApp.swift; sourceTree = "<group>"; };
		CC8E0EBC26BA25E1004CEDC9 /* ContentView.swift */ = {isa = PBXFileReference; lastKnownFileType = sourcecode.swift; path = ContentView.swift; sourceTree = "<group>"; };
		CC8E0EBE26BA25E3004CEDC9 /* Assets.xcassets */ = {isa = PBXFileReference; lastKnownFileType = folder.assetcatalog; path = Assets.xcassets; sourceTree = "<group>"; };
		CC8E0EC126BA25E3004CEDC9 /* Preview Assets.xcassets */ = {isa = PBXFileReference; lastKnownFileType = folder.assetcatalog; path = "Preview Assets.xcassets"; sourceTree = "<group>"; };
		CC8E0EE026BA270D004CEDC9 /* welcomeView.swift */ = {isa = PBXFileReference; lastKnownFileType = sourcecode.swift; path = welcomeView.swift; sourceTree = "<group>"; };
		CC8E0EE826BA288C004CEDC9 /* InformationDetailView.swift */ = {isa = PBXFileReference; fileEncoding = 4; lastKnownFileType = sourcecode.swift; path = InformationDetailView.swift; sourceTree = "<group>"; };
		CCB912E626AE10F800625119 /* AltApps.app */ = {isa = PBXFileReference; explicitFileType = wrapper.application; includeInIndex = 0; path = AltApps.app; sourceTree = BUILT_PRODUCTS_DIR; };
		CCB912EB26AE10F800625119 /* ContentView.swift */ = {isa = PBXFileReference; lastKnownFileType = sourcecode.swift; path = ContentView.swift; sourceTree = "<group>"; };
		CCB912ED26AE10FA00625119 /* Assets.xcassets */ = {isa = PBXFileReference; lastKnownFileType = folder.assetcatalog; path = Assets.xcassets; sourceTree = "<group>"; };
		CCB912F026AE10FA00625119 /* Preview Assets.xcassets */ = {isa = PBXFileReference; lastKnownFileType = folder.assetcatalog; path = "Preview Assets.xcassets"; sourceTree = "<group>"; };
		CCB912F226AE10FA00625119 /* Info.plist */ = {isa = PBXFileReference; lastKnownFileType = text.plist.xml; path = Info.plist; sourceTree = "<group>"; };
		CCEB553A26EEAF5C002EE20A /* AppDelegate.swift */ = {isa = PBXFileReference; fileEncoding = 4; lastKnownFileType = sourcecode.swift; name = AppDelegate.swift; path = "../../Xcode 11 Test App/Xcode 11 Test App/AppDelegate.swift"; sourceTree = "<group>"; };
		CCEB553B26EEAF5C002EE20A /* SceneDelegate.swift */ = {isa = PBXFileReference; fileEncoding = 4; lastKnownFileType = sourcecode.swift; name = SceneDelegate.swift; path = "../../Xcode 11 Test App/Xcode 11 Test App/SceneDelegate.swift"; sourceTree = "<group>"; };
/* End PBXFileReference section */

/* Begin PBXFrameworksBuildPhase section */
		CC55B61726D14B18002EF30E /* Frameworks */ = {
			isa = PBXFrameworksBuildPhase;
			buildActionMask = 2147483647;
			files = (
			);
			runOnlyForDeploymentPostprocessing = 0;
		};
		CC8E0EB526BA25E1004CEDC9 /* Frameworks */ = {
			isa = PBXFrameworksBuildPhase;
			buildActionMask = 2147483647;
			files = (
			);
			runOnlyForDeploymentPostprocessing = 0;
		};
		CCB912E326AE10F800625119 /* Frameworks */ = {
			isa = PBXFrameworksBuildPhase;
			buildActionMask = 2147483647;
			files = (
			);
			runOnlyForDeploymentPostprocessing = 0;
		};
/* End PBXFrameworksBuildPhase section */

/* Begin PBXGroup section */
		CC8E0EB926BA25E1004CEDC9 /* AltApps Beta */ = {
			isa = PBXGroup;
			children = (
				CC8E0EBA26BA25E1004CEDC9 /* AltApps_BetaApp.swift */,
				CC8E0EE026BA270D004CEDC9 /* welcomeView.swift */,
				CC3BED0826F7E7B500E96C3E /* updateView.swift */,
				CC8E0EBC26BA25E1004CEDC9 /* ContentView.swift */,
				CC86A19526BC2C650024D2E1 /* SettingsView.swift */,
				CC30966326FFE88E001962E3 /* TextFieldAlert.swift */,
				CC30965D26FD578C001962E3 /* WebView.swift */,
				CC6400D426C1DF14001AC9F6 /* AltApps-Beta-Info.plist */,
				CC8E0EBE26BA25E3004CEDC9 /* Assets.xcassets */,
				CC8E0EC026BA25E3004CEDC9 /* Preview Content */,
			);
			path = "AltApps Beta";
			sourceTree = "<group>";
		};
		CC8E0EC026BA25E3004CEDC9 /* Preview Content */ = {
			isa = PBXGroup;
			children = (
				CC8E0EC126BA25E3004CEDC9 /* Preview Assets.xcassets */,
			);
			path = "Preview Content";
			sourceTree = "<group>";
		};
		CCB912DD26AE10F800625119 = {
			isa = PBXGroup;
			children = (
				CCB912E826AE10F800625119 /* AltApps */,
				CC8E0EB926BA25E1004CEDC9 /* AltApps Beta */,
				CCB912E726AE10F800625119 /* Products */,
			);
			sourceTree = "<group>";
		};
		CCB912E726AE10F800625119 /* Products */ = {
			isa = PBXGroup;
			children = (
				CCB912E626AE10F800625119 /* AltApps.app */,
				CC8E0EB826BA25E1004CEDC9 /* AltApps Beta.app */,
				CC55B61A26D14B18002EF30E /* AltConnect.app */,
			);
			name = Products;
			sourceTree = "<group>";
		};
		CCB912E826AE10F800625119 /* AltApps */ = {
			isa = PBXGroup;
			children = (
				CCEB553A26EEAF5C002EE20A /* AppDelegate.swift */,
				CCEB553B26EEAF5C002EE20A /* SceneDelegate.swift */,
				CC383D8626B1EFC400A9ED31 /* welcomeView.swift */,
				CCB912EB26AE10F800625119 /* ContentView.swift */,
				CC3831C426D87BDD00FDBF78 /* customButtonSmall.swift */,
				CC02850226C090180037AB73 /* installButton.swift */,
				CC8E0EE826BA288C004CEDC9 /* InformationDetailView.swift */,
				CCB912ED26AE10FA00625119 /* Assets.xcassets */,
				CCB912F226AE10FA00625119 /* Info.plist */,
				CCB912EF26AE10FA00625119 /* Preview Content */,
			);
			path = AltApps;
			sourceTree = "<group>";
		};
		CCB912EF26AE10FA00625119 /* Preview Content */ = {
			isa = PBXGroup;
			children = (
				CCB912F026AE10FA00625119 /* Preview Assets.xcassets */,
			);
			path = "Preview Content";
			sourceTree = "<group>";
		};
/* End PBXGroup section */

/* Begin PBXNativeTarget section */
		CC55B61926D14B18002EF30E /* AltConnect (macOS) */ = {
			isa = PBXNativeTarget;
			buildConfigurationList = CC55B62426D14B18002EF30E /* Build configuration list for PBXNativeTarget "AltConnect (macOS)" */;
			buildPhases = (
				CC55B61626D14B18002EF30E /* Sources */,
				CC55B61726D14B18002EF30E /* Frameworks */,
				CC55B61826D14B18002EF30E /* Resources */,
			);
			buildRules = (
			);
			dependencies = (
			);
			name = "AltConnect (macOS)";
			productName = "AltConnect (macOS)";
			productReference = CC55B61A26D14B18002EF30E /* AltConnect.app */;
			productType = "com.apple.product-type.application";
		};
		CC8E0EB726BA25E1004CEDC9 /* AltApps Beta */ = {
			isa = PBXNativeTarget;
			buildConfigurationList = CC8E0EDD26BA25E3004CEDC9 /* Build configuration list for PBXNativeTarget "AltApps Beta" */;
			buildPhases = (
				CC8E0EB426BA25E1004CEDC9 /* Sources */,
				CC8E0EB526BA25E1004CEDC9 /* Frameworks */,
				CC8E0EB626BA25E1004CEDC9 /* Resources */,
				CC6400E226C1DF9A001AC9F6 /* Embed App Extensions */,
			);
			buildRules = (
			);
			dependencies = (
			);
			name = "AltApps Beta";
			productName = "AltApps Beta";
			productReference = CC8E0EB826BA25E1004CEDC9 /* AltApps Beta.app */;
			productType = "com.apple.product-type.application";
		};
		CCB912E526AE10F800625119 /* AltApps */ = {
			isa = PBXNativeTarget;
			buildConfigurationList = CCB9130B26AE10FB00625119 /* Build configuration list for PBXNativeTarget "AltApps" */;
			buildPhases = (
				CCB912E226AE10F800625119 /* Sources */,
				CCB912E326AE10F800625119 /* Frameworks */,
				CCB912E426AE10F800625119 /* Resources */,
			);
			buildRules = (
			);
			dependencies = (
			);
			name = AltApps;
			packageProductDependencies = (
			);
			productName = AltApps;
			productReference = CCB912E626AE10F800625119 /* AltApps.app */;
			productType = "com.apple.product-type.application";
		};
/* End PBXNativeTarget section */

/* Begin PBXProject section */
		CCB912DE26AE10F800625119 /* Project object */ = {
			isa = PBXProject;
			attributes = {
				LastSwiftUpdateCheck = 1300;
				LastUpgradeCheck = 1250;
				TargetAttributes = {
					CC55B61926D14B18002EF30E = {
						CreatedOnToolsVersion = 13.0;
					};
					CC8E0EB726BA25E1004CEDC9 = {
						CreatedOnToolsVersion = 13.0;
					};
					CCB912E526AE10F800625119 = {
						CreatedOnToolsVersion = 12.5.1;
					};
				};
			};
			buildConfigurationList = CCB912E126AE10F800625119 /* Build configuration list for PBXProject "AltApps" */;
			compatibilityVersion = "Xcode 9.3";
			developmentRegion = en;
			hasScannedForEncodings = 0;
			knownRegions = (
				en,
				Base,
			);
			mainGroup = CCB912DD26AE10F800625119;
			packageReferences = (
			);
			productRefGroup = CCB912E726AE10F800625119 /* Products */;
			projectDirPath = "";
			projectRoot = "";
			targets = (
				CCB912E526AE10F800625119 /* AltApps */,
				CC8E0EB726BA25E1004CEDC9 /* AltApps Beta */,
				CC55B61926D14B18002EF30E /* AltConnect (macOS) */,
			);
		};
/* End PBXProject section */

/* Begin PBXResourcesBuildPhase section */
		CC55B61826D14B18002EF30E /* Resources */ = {
			isa = PBXResourcesBuildPhase;
			buildActionMask = 2147483647;
			files = (
			);
			runOnlyForDeploymentPostprocessing = 0;
		};
		CC8E0EB626BA25E1004CEDC9 /* Resources */ = {
			isa = PBXResourcesBuildPhase;
			buildActionMask = 2147483647;
			files = (
				CC8E0EC226BA25E3004CEDC9 /* Preview Assets.xcassets in Resources */,
				CC8E0EBF26BA25E3004CEDC9 /* Assets.xcassets in Resources */,
			);
			runOnlyForDeploymentPostprocessing = 0;
		};
		CCB912E426AE10F800625119 /* Resources */ = {
			isa = PBXResourcesBuildPhase;
			buildActionMask = 2147483647;
			files = (
				CCB912F126AE10FA00625119 /* Preview Assets.xcassets in Resources */,
				CCB912EE26AE10FA00625119 /* Assets.xcassets in Resources */,
			);
			runOnlyForDeploymentPostprocessing = 0;
		};
/* End PBXResourcesBuildPhase section */

/* Begin PBXSourcesBuildPhase section */
		CC55B61626D14B18002EF30E /* Sources */ = {
			isa = PBXSourcesBuildPhase;
			buildActionMask = 2147483647;
			files = (
			);
			runOnlyForDeploymentPostprocessing = 0;
		};
		CC8E0EB426BA25E1004CEDC9 /* Sources */ = {
			isa = PBXSourcesBuildPhase;
			buildActionMask = 2147483647;
			files = (
				CC8E0EBD26BA25E1004CEDC9 /* ContentView.swift in Sources */,
				CC86A19626BC2C660024D2E1 /* SettingsView.swift in Sources */,
				CC3831C626D87BDD00FDBF78 /* customButtonSmall.swift in Sources */,
				CC8E0EBB26BA25E1004CEDC9 /* AltApps_BetaApp.swift in Sources */,
				CC8E0EE126BA270D004CEDC9 /* welcomeView.swift in Sources */,
				CC3831BB26D8772400FDBF78 /* InformationDetailView.swift in Sources */,
				CC3BED0926F7E7B500E96C3E /* updateView.swift in Sources */,
				CC02850326C090180037AB73 /* installButton.swift in Sources */,
				CC30965E26FD578C001962E3 /* WebView.swift in Sources */,
				CC30966426FFE88E001962E3 /* TextFieldAlert.swift in Sources */,
			);
			runOnlyForDeploymentPostprocessing = 0;
		};
		CCB912E226AE10F800625119 /* Sources */ = {
			isa = PBXSourcesBuildPhase;
			buildActionMask = 2147483647;
			files = (
				CCEB553C26EEAF5C002EE20A /* AppDelegate.swift in Sources */,
				CC3831C526D87BDD00FDBF78 /* customButtonSmall.swift in Sources */,
				CCEB553D26EEAF5C002EE20A /* SceneDelegate.swift in Sources */,
				CCC403CF26EC4CED001B733A /* installButton.swift in Sources */,
				CC383D8726B1EFC400A9ED31 /* welcomeView.swift in Sources */,
				CC8E0EE926BA288D004CEDC9 /* InformationDetailView.swift in Sources */,
				CCB912EC26AE10F800625119 /* ContentView.swift in Sources */,
			);
			runOnlyForDeploymentPostprocessing = 0;
		};
/* End PBXSourcesBuildPhase section */

/* Begin XCBuildConfiguration section */
		CC55B62526D14B18002EF30E /* Debug */ = {
			isa = XCBuildConfiguration;
			buildSettings = {
				ASSETCATALOG_COMPILER_APPICON_NAME = AppIcon;
				ASSETCATALOG_COMPILER_GLOBAL_ACCENT_COLOR_NAME = AccentColor;
				CLANG_CXX_LANGUAGE_STANDARD = "gnu++17";
				CODE_SIGN_STYLE = Automatic;
				COMBINE_HIDPI_IMAGES = YES;
				CURRENT_PROJECT_VERSION = 1;
				DEVELOPMENT_TEAM = 69AT4XUQ73;
				ENABLE_APP_SANDBOX = YES;
				ENABLE_HARDENED_RUNTIME = YES;
				ENABLE_PREVIEWS = YES;
				ENABLE_USER_SELECTED_FILES = readonly;
				GENERATE_INFOPLIST_FILE = YES;
				INFOPLIST_KEY_NSHumanReadableCopyright = "";
				LD_RUNPATH_SEARCH_PATHS = (
					"$(inherited)",
					"@executable_path/../Frameworks",
				);
				MACOSX_DEPLOYMENT_TARGET = 11.0;
				MARKETING_VERSION = 1.0.0;
				PRODUCT_BUNDLE_IDENTIFIER = "jining-liu.AltConnect";
				PRODUCT_NAME = AltConnect;
				SDKROOT = macosx;
				SWIFT_EMIT_LOC_STRINGS = YES;
				SWIFT_VERSION = 5.0;
			};
			name = Debug;
		};
		CC55B62626D14B18002EF30E /* Release */ = {
			isa = XCBuildConfiguration;
			buildSettings = {
				ASSETCATALOG_COMPILER_APPICON_NAME = AppIcon;
				ASSETCATALOG_COMPILER_GLOBAL_ACCENT_COLOR_NAME = AccentColor;
				CLANG_CXX_LANGUAGE_STANDARD = "gnu++17";
				CODE_SIGN_STYLE = Automatic;
				COMBINE_HIDPI_IMAGES = YES;
				CURRENT_PROJECT_VERSION = 1;
				DEVELOPMENT_TEAM = 69AT4XUQ73;
				ENABLE_APP_SANDBOX = YES;
				ENABLE_HARDENED_RUNTIME = YES;
				ENABLE_PREVIEWS = YES;
				ENABLE_USER_SELECTED_FILES = readonly;
				GENERATE_INFOPLIST_FILE = YES;
				INFOPLIST_KEY_NSHumanReadableCopyright = "";
				LD_RUNPATH_SEARCH_PATHS = (
					"$(inherited)",
					"@executable_path/../Frameworks",
				);
				MACOSX_DEPLOYMENT_TARGET = 11.0;
				MARKETING_VERSION = 1.0.0;
				PRODUCT_BUNDLE_IDENTIFIER = "jining-liu.AltConnect";
				PRODUCT_NAME = AltConnect;
				SDKROOT = macosx;
				SWIFT_EMIT_LOC_STRINGS = YES;
				SWIFT_VERSION = 5.0;
			};
			name = Release;
		};
		CC8E0ED726BA25E3004CEDC9 /* Debug */ = {
			isa = XCBuildConfiguration;
			buildSettings = {
				ASSETCATALOG_COMPILER_APPICON_NAME = AppIcon;
				ASSETCATALOG_COMPILER_GLOBAL_ACCENT_COLOR_NAME = AccentColor;
				CLANG_CXX_LANGUAGE_STANDARD = "gnu++17";
				CODE_SIGN_STYLE = Automatic;
				CURRENT_PROJECT_VERSION = 1;
				DEVELOPMENT_ASSET_PATHS = "\"AltApps Beta/Preview Content\"";
				DEVELOPMENT_TEAM = 69AT4XUQ73;
				ENABLE_PREVIEWS = YES;
				GENERATE_INFOPLIST_FILE = YES;
				INFOPLIST_FILE = "AltApps-Beta-Info.plist";
				INFOPLIST_KEY_NSMainNibFile = ContentView;
				INFOPLIST_KEY_UIApplicationSceneManifest_Generation = YES;
				INFOPLIST_KEY_UIApplicationSupportsIndirectInputEvents = YES;
				INFOPLIST_KEY_UILaunchScreen_Generation = YES;
				INFOPLIST_KEY_UISupportedInterfaceOrientations = UIInterfaceOrientationPortrait;
				INFOPLIST_KEY_UISupportedInterfaceOrientations_iPad = "UIInterfaceOrientationPortrait UIInterfaceOrientationPortraitUpsideDown UIInterfaceOrientationLandscapeLeft UIInterfaceOrientationLandscapeRight";
				INFOPLIST_KEY_UISupportedInterfaceOrientations_iPhone = "UIInterfaceOrientationPortrait UIInterfaceOrientationLandscapeLeft UIInterfaceOrientationLandscapeRight";
				IPHONEOS_DEPLOYMENT_TARGET = 15.0;
				LD_RUNPATH_SEARCH_PATHS = (
					"$(inherited)",
					"@executable_path/Frameworks",
				);
				MARKETING_VERSION = 1.2.0;
				"OTHER_LDFLAGS[arch=*]" = "-ObjC";
				PRODUCT_BUNDLE_IDENTIFIER = "jining-liu.AltApps-Beta";
				PRODUCT_NAME = "$(TARGET_NAME)";
				SWIFT_EMIT_LOC_STRINGS = YES;
				SWIFT_VERSION = 5.0;
				TARGETED_DEVICE_FAMILY = 1;
			};
			name = Debug;
		};
		CC8E0ED826BA25E3004CEDC9 /* Release */ = {
			isa = XCBuildConfiguration;
			buildSettings = {
				ASSETCATALOG_COMPILER_APPICON_NAME = AppIcon;
				ASSETCATALOG_COMPILER_GLOBAL_ACCENT_COLOR_NAME = AccentColor;
				CLANG_CXX_LANGUAGE_STANDARD = "gnu++17";
				CODE_SIGN_STYLE = Automatic;
				CURRENT_PROJECT_VERSION = 1;
				DEVELOPMENT_ASSET_PATHS = "\"AltApps Beta/Preview Content\"";
				DEVELOPMENT_TEAM = 69AT4XUQ73;
				ENABLE_PREVIEWS = YES;
				GENERATE_INFOPLIST_FILE = YES;
				INFOPLIST_FILE = "AltApps-Beta-Info.plist";
				INFOPLIST_KEY_NSMainNibFile = ContentView;
				INFOPLIST_KEY_UIApplicationSceneManifest_Generation = YES;
				INFOPLIST_KEY_UIApplicationSupportsIndirectInputEvents = YES;
				INFOPLIST_KEY_UILaunchScreen_Generation = YES;
				INFOPLIST_KEY_UISupportedInterfaceOrientations = UIInterfaceOrientationPortrait;
				INFOPLIST_KEY_UISupportedInterfaceOrientations_iPad = "UIInterfaceOrientationPortrait UIInterfaceOrientationPortraitUpsideDown UIInterfaceOrientationLandscapeLeft UIInterfaceOrientationLandscapeRight";
				INFOPLIST_KEY_UISupportedInterfaceOrientations_iPhone = "UIInterfaceOrientationPortrait UIInterfaceOrientationLandscapeLeft UIInterfaceOrientationLandscapeRight";
				IPHONEOS_DEPLOYMENT_TARGET = 15.0;
				LD_RUNPATH_SEARCH_PATHS = (
					"$(inherited)",
					"@executable_path/Frameworks",
				);
				MARKETING_VERSION = 1.2.0;
				"OTHER_LDFLAGS[arch=*]" = "-ObjC";
				PRODUCT_BUNDLE_IDENTIFIER = "jining-liu.AltApps-Beta";
				PRODUCT_NAME = "$(TARGET_NAME)";
				SWIFT_EMIT_LOC_STRINGS = YES;
				SWIFT_VERSION = 5.0;
				TARGETED_DEVICE_FAMILY = 1;
			};
			name = Release;
		};
		CCB9130926AE10FB00625119 /* Debug */ = {
			isa = XCBuildConfiguration;
			buildSettings = {
				ALWAYS_SEARCH_USER_PATHS = NO;
				CLANG_ANALYZER_NONNULL = YES;
				CLANG_ANALYZER_NUMBER_OBJECT_CONVERSION = YES_AGGRESSIVE;
				CLANG_CXX_LANGUAGE_STANDARD = "gnu++14";
				CLANG_CXX_LIBRARY = "libc++";
				CLANG_ENABLE_MODULES = YES;
				CLANG_ENABLE_OBJC_ARC = YES;
				CLANG_ENABLE_OBJC_WEAK = YES;
				CLANG_WARN_BLOCK_CAPTURE_AUTORELEASING = YES;
				CLANG_WARN_BOOL_CONVERSION = YES;
				CLANG_WARN_COMMA = YES;
				CLANG_WARN_CONSTANT_CONVERSION = YES;
				CLANG_WARN_DEPRECATED_OBJC_IMPLEMENTATIONS = YES;
				CLANG_WARN_DIRECT_OBJC_ISA_USAGE = YES_ERROR;
				CLANG_WARN_DOCUMENTATION_COMMENTS = YES;
				CLANG_WARN_EMPTY_BODY = YES;
				CLANG_WARN_ENUM_CONVERSION = YES;
				CLANG_WARN_INFINITE_RECURSION = YES;
				CLANG_WARN_INT_CONVERSION = YES;
				CLANG_WARN_NON_LITERAL_NULL_CONVERSION = YES;
				CLANG_WARN_OBJC_IMPLICIT_RETAIN_SELF = YES;
				CLANG_WARN_OBJC_LITERAL_CONVERSION = YES;
				CLANG_WARN_OBJC_ROOT_CLASS = YES_ERROR;
				CLANG_WARN_QUOTED_INCLUDE_IN_FRAMEWORK_HEADER = YES;
				CLANG_WARN_RANGE_LOOP_ANALYSIS = YES;
				CLANG_WARN_STRICT_PROTOTYPES = YES;
				CLANG_WARN_SUSPICIOUS_MOVE = YES;
				CLANG_WARN_UNGUARDED_AVAILABILITY = YES_AGGRESSIVE;
				CLANG_WARN_UNREACHABLE_CODE = YES;
				CLANG_WARN__DUPLICATE_METHOD_MATCH = YES;
				COPY_PHASE_STRIP = NO;
				DEBUG_INFORMATION_FORMAT = dwarf;
				ENABLE_STRICT_OBJC_MSGSEND = YES;
				ENABLE_TESTABILITY = YES;
				GCC_C_LANGUAGE_STANDARD = gnu11;
				GCC_DYNAMIC_NO_PIC = NO;
				GCC_NO_COMMON_BLOCKS = YES;
				GCC_OPTIMIZATION_LEVEL = 0;
				GCC_PREPROCESSOR_DEFINITIONS = (
					"DEBUG=1",
					"$(inherited)",
				);
				GCC_WARN_64_TO_32_BIT_CONVERSION = YES;
				GCC_WARN_ABOUT_RETURN_TYPE = YES_ERROR;
				GCC_WARN_UNDECLARED_SELECTOR = YES;
				GCC_WARN_UNINITIALIZED_AUTOS = YES_AGGRESSIVE;
				GCC_WARN_UNUSED_FUNCTION = YES;
				GCC_WARN_UNUSED_VARIABLE = YES;
				IPHONEOS_DEPLOYMENT_TARGET = 13.0;
				MTL_ENABLE_DEBUG_INFO = INCLUDE_SOURCE;
				MTL_FAST_MATH = YES;
				ONLY_ACTIVE_ARCH = YES;
				SDKROOT = iphoneos;
				SWIFT_ACTIVE_COMPILATION_CONDITIONS = DEBUG;
				SWIFT_OPTIMIZATION_LEVEL = "-Onone";
			};
			name = Debug;
		};
		CCB9130A26AE10FB00625119 /* Release */ = {
			isa = XCBuildConfiguration;
			buildSettings = {
				ALWAYS_SEARCH_USER_PATHS = NO;
				CLANG_ANALYZER_NONNULL = YES;
				CLANG_ANALYZER_NUMBER_OBJECT_CONVERSION = YES_AGGRESSIVE;
				CLANG_CXX_LANGUAGE_STANDARD = "gnu++14";
				CLANG_CXX_LIBRARY = "libc++";
				CLANG_ENABLE_MODULES = YES;
				CLANG_ENABLE_OBJC_ARC = YES;
				CLANG_ENABLE_OBJC_WEAK = YES;
				CLANG_WARN_BLOCK_CAPTURE_AUTORELEASING = YES;
				CLANG_WARN_BOOL_CONVERSION = YES;
				CLANG_WARN_COMMA = YES;
				CLANG_WARN_CONSTANT_CONVERSION = YES;
				CLANG_WARN_DEPRECATED_OBJC_IMPLEMENTATIONS = YES;
				CLANG_WARN_DIRECT_OBJC_ISA_USAGE = YES_ERROR;
				CLANG_WARN_DOCUMENTATION_COMMENTS = YES;
				CLANG_WARN_EMPTY_BODY = YES;
				CLANG_WARN_ENUM_CONVERSION = YES;
				CLANG_WARN_INFINITE_RECURSION = YES;
				CLANG_WARN_INT_CONVERSION = YES;
				CLANG_WARN_NON_LITERAL_NULL_CONVERSION = YES;
				CLANG_WARN_OBJC_IMPLICIT_RETAIN_SELF = YES;
				CLANG_WARN_OBJC_LITERAL_CONVERSION = YES;
				CLANG_WARN_OBJC_ROOT_CLASS = YES_ERROR;
				CLANG_WARN_QUOTED_INCLUDE_IN_FRAMEWORK_HEADER = YES;
				CLANG_WARN_RANGE_LOOP_ANALYSIS = YES;
				CLANG_WARN_STRICT_PROTOTYPES = YES;
				CLANG_WARN_SUSPICIOUS_MOVE = YES;
				CLANG_WARN_UNGUARDED_AVAILABILITY = YES_AGGRESSIVE;
				CLANG_WARN_UNREACHABLE_CODE = YES;
				CLANG_WARN__DUPLICATE_METHOD_MATCH = YES;
				COPY_PHASE_STRIP = NO;
				DEBUG_INFORMATION_FORMAT = "dwarf-with-dsym";
				ENABLE_NS_ASSERTIONS = NO;
				ENABLE_STRICT_OBJC_MSGSEND = YES;
				GCC_C_LANGUAGE_STANDARD = gnu11;
				GCC_NO_COMMON_BLOCKS = YES;
				GCC_WARN_64_TO_32_BIT_CONVERSION = YES;
				GCC_WARN_ABOUT_RETURN_TYPE = YES_ERROR;
				GCC_WARN_UNDECLARED_SELECTOR = YES;
				GCC_WARN_UNINITIALIZED_AUTOS = YES_AGGRESSIVE;
				GCC_WARN_UNUSED_FUNCTION = YES;
				GCC_WARN_UNUSED_VARIABLE = YES;
				IPHONEOS_DEPLOYMENT_TARGET = 13.0;
				MTL_ENABLE_DEBUG_INFO = NO;
				MTL_FAST_MATH = YES;
				SDKROOT = iphoneos;
				SWIFT_COMPILATION_MODE = wholemodule;
				SWIFT_OPTIMIZATION_LEVEL = "-O";
				VALIDATE_PRODUCT = YES;
			};
			name = Release;
		};
		CCB9130C26AE10FB00625119 /* Debug */ = {
			isa = XCBuildConfiguration;
			buildSettings = {
				ASSETCATALOG_COMPILER_APPICON_NAME = AppIcon;
				ASSETCATALOG_COMPILER_GLOBAL_ACCENT_COLOR_NAME = AccentColor;
				CODE_SIGN_ENTITLEMENTS = AltApps/AltApps.entitlements;
				CODE_SIGN_STYLE = Automatic;
				DEVELOPMENT_ASSET_PATHS = "\"AltApps/Preview Content\"";
				DEVELOPMENT_TEAM = 69AT4XUQ73;
				ENABLE_PREVIEWS = YES;
				INFOPLIST_FILE = AltApps/Info.plist;
				IPHONEOS_DEPLOYMENT_TARGET = 13.0;
				LD_RUNPATH_SEARCH_PATHS = (
					"$(inherited)",
					"@executable_path/Frameworks",
				);
				MARKETING_VERSION = 1.1.0;
				PRODUCT_BUNDLE_IDENTIFIER = "jining-liu.AltApps";
				PRODUCT_NAME = "$(TARGET_NAME)";
				SWIFT_VERSION = 5.0;
				TARGETED_DEVICE_FAMILY = 1;
			};
			name = Debug;
		};
		CCB9130D26AE10FB00625119 /* Release */ = {
			isa = XCBuildConfiguration;
			buildSettings = {
				ASSETCATALOG_COMPILER_APPICON_NAME = AppIcon;
				ASSETCATALOG_COMPILER_GLOBAL_ACCENT_COLOR_NAME = AccentColor;
				CODE_SIGN_ENTITLEMENTS = AltApps/AltApps.entitlements;
				CODE_SIGN_STYLE = Automatic;
				DEVELOPMENT_ASSET_PATHS = "\"AltApps/Preview Content\"";
				DEVELOPMENT_TEAM = 69AT4XUQ73;
				ENABLE_PREVIEWS = YES;
				INFOPLIST_FILE = AltApps/Info.plist;
				IPHONEOS_DEPLOYMENT_TARGET = 13.0;
				LD_RUNPATH_SEARCH_PATHS = (
					"$(inherited)",
					"@executable_path/Frameworks",
				);
				MARKETING_VERSION = 1.1.0;
				PRODUCT_BUNDLE_IDENTIFIER = "jining-liu.AltApps";
				PRODUCT_NAME = "$(TARGET_NAME)";
				SWIFT_VERSION = 5.0;
				TARGETED_DEVICE_FAMILY = 1;
			};
			name = Release;
		};
/* End XCBuildConfiguration section */

/* Begin XCConfigurationList section */
		CC55B62426D14B18002EF30E /* Build configuration list for PBXNativeTarget "AltConnect (macOS)" */ = {
			isa = XCConfigurationList;
			buildConfigurations = (
				CC55B62526D14B18002EF30E /* Debug */,
				CC55B62626D14B18002EF30E /* Release */,
			);
			defaultConfigurationIsVisible = 0;
			defaultConfigurationName = Release;
		};
		CC8E0EDD26BA25E3004CEDC9 /* Build configuration list for PBXNativeTarget "AltApps Beta" */ = {
			isa = XCConfigurationList;
			buildConfigurations = (
				CC8E0ED726BA25E3004CEDC9 /* Debug */,
				CC8E0ED826BA25E3004CEDC9 /* Release */,
			);
			defaultConfigurationIsVisible = 0;
			defaultConfigurationName = Release;
		};
		CCB912E126AE10F800625119 /* Build configuration list for PBXProject "AltApps" */ = {
			isa = XCConfigurationList;
			buildConfigurations = (
				CCB9130926AE10FB00625119 /* Debug */,
				CCB9130A26AE10FB00625119 /* Release */,
			);
			defaultConfigurationIsVisible = 0;
			defaultConfigurationName = Release;
		};
		CCB9130B26AE10FB00625119 /* Build configuration list for PBXNativeTarget "AltApps" */ = {
			isa = XCConfigurationList;
			buildConfigurations = (
				CCB9130C26AE10FB00625119 /* Debug */,
				CCB9130D26AE10FB00625119 /* Release */,
			);
			defaultConfigurationIsVisible = 0;
			defaultConfigurationName = Release;
		};
/* End XCConfigurationList section */
	};
	rootObject = CCB912DE26AE10F800625119 /* Project object */;
}
